{
  "name": "module-deps",
  "version": "1.0.0",
  "lockfileVersion": 3,
  "requires": true,
  "packages": {
    "": {
      "name": "module-deps",
      "version": "1.0.0",
      "license": "ISC",
      "devDependencies": {
        "@babel/generator": "^7.28.0",
        "@babel/parser": "^7.28.0",
        "@babel/traverse": "^7.28.0",
        "@babel/types": "^7.28.2",
        "@types/node": "^24.1.0",
        "esno": "^4.8.0"
      }
    },
    "../../node_modules/.pnpm/@babel+generator@7.28.0/node_modules/@babel/generator": {
      "version": "7.28.0",
      "dev": true,
      "license": "MIT",
      "dependencies": {
        "@babel/parser": "^7.28.0",
        "@babel/types": "^7.28.0",
        "@jridgewell/gen-mapping": "^0.3.12",
        "@jridgewell/trace-mapping": "^0.3.28",
        "jsesc": "^3.0.2"
      },
      "devDependencies": {
        "@babel/core": "^7.28.0",
        "@babel/helper-fixtures": "^7.28.0",
        "@babel/plugin-transform-typescript": "^7.28.0",
        "@jridgewell/sourcemap-codec": "^1.5.3",
        "@types/jsesc": "^2.5.0",
        "charcodes": "^0.2.0"
      },
      "engines": {
        "node": ">=6.9.0"
      }
    },
    "../../node_modules/.pnpm/@babel+parser@7.28.0/node_modules/@babel/parser": {
      "version": "7.28.0",
      "dev": true,
      "license": "MIT",
      "dependencies": {
        "@babel/types": "^7.28.0"
      },
      "bin": {
        "parser": "bin/babel-parser.js"
      },
      "devDependencies": {
        "@babel/code-frame": "^7.27.1",
        "@babel/helper-check-duplicate-nodes": "^7.27.1",
        "@babel/helper-fixtures": "^7.28.0",
        "@babel/helper-string-parser": "^7.27.1",
        "@babel/helper-validator-identifier": "^7.27.1",
        "charcodes": "^0.2.0"
      },
      "engines": {
        "node": ">=6.0.0"
      }
    },
    "../../node_modules/.pnpm/@babel+traverse@7.28.0/node_modules/@babel/traverse": {
      "version": "7.28.0",
      "dev": true,
      "license": "MIT",
      "dependencies": {
        "@babel/code-frame": "^7.27.1",
        "@babel/generator": "^7.28.0",
        "@babel/helper-globals": "^7.28.0",
        "@babel/parser": "^7.28.0",
        "@babel/template": "^7.27.2",
        "@babel/types": "^7.28.0",
        "debug": "^4.3.1"
      },
      "devDependencies": {
        "@babel/core": "^7.28.0",
        "@babel/helper-plugin-test-runner": "^7.27.1"
      },
      "engines": {
        "node": ">=6.9.0"
      }
    },
    "../../node_modules/.pnpm/@babel+types@7.28.2/node_modules/@babel/types": {
      "version": "7.28.2",
      "dev": true,
      "license": "MIT",
      "dependencies": {
        "@babel/helper-string-parser": "^7.27.1",
        "@babel/helper-validator-identifier": "^7.27.1"
      },
      "devDependencies": {
        "@babel/generator": "^7.28.0",
        "@babel/parser": "^7.28.0",
        "glob": "^7.2.0"
      },
      "engines": {
        "node": ">=6.9.0"
      }
    },
    "../../node_modules/.pnpm/esno@4.8.0/node_modules/esno": {
      "version": "4.8.0",
      "dev": true,
      "license": "MIT",
      "dependencies": {
        "tsx": "^4.19.1"
      },
      "bin": {
        "esno": "esno.js"
      },
      "devDependencies": {
        "bumpp": "^9.6.1",
        "fsxx": "^0.1.0",
        "typescript": "^5.6.2",
        "zx": "^8.1.8"
      }
    },
    "node_modules/@babel/generator": {
      "resolved": "../../node_modules/.pnpm/@babel+generator@7.28.0/node_modules/@babel/generator",
      "link": true
    },
    "node_modules/@babel/parser": {
      "resolved": "../../node_modules/.pnpm/@babel+parser@7.28.0/node_modules/@babel/parser",
      "link": true
    },
    "node_modules/@babel/traverse": {
      "resolved": "../../node_modules/.pnpm/@babel+traverse@7.28.0/node_modules/@babel/traverse",
      "link": true
    },
    "node_modules/@babel/types": {
      "resolved": "../../node_modules/.pnpm/@babel+types@7.28.2/node_modules/@babel/types",
      "link": true
    },
    "node_modules/@types/node": {
      "version": "24.1.0",
      "resolved": "https://registry.npmmirror.com/@types/node/-/node-24.1.0.tgz",
      "integrity": "sha512-ut5FthK5moxFKH2T1CUOC6ctR67rQRvvHdFLCD2Ql6KXmMuCrjsSsRI9UsLCm9M18BMwClv4pn327UvB7eeO1w==",
      "dev": true,
      "dependencies": {
        "undici-types": "~7.8.0"
      }
    },
    "node_modules/esno": {
      "resolved": "../../node_modules/.pnpm/esno@4.8.0/node_modules/esno",
      "link": true
    },
    "node_modules/undici-types": {
      "version": "7.8.0",
      "resolved": "https://registry.npmmirror.com/undici-types/-/undici-types-7.8.0.tgz",
      "integrity": "sha512-9UJ2xGDvQ43tYyVMpuHlsgApydB8ZKfVYTsLDhXkFL/6gfkp+U8xTGdh8pMJv1SpZna0zxG1DwsKZsreLbXBxw==",
      "dev": true
    }
  }
}
